// !$*UTF8*$!
{
	archiveVersion = 1;
	classes = {
	};
	objectVersion = 77;
	objects = {

/* Begin PBXBuildFile section */
		B9A18AA62DF39F7700C19A12 /* WidgetKit.framework in Frameworks */ = {isa = PBXBuildFile; fileRef = B9A18AA52DF39F7700C19A12 /* WidgetKit.framework */; };
		B9A18AA82DF39F7700C19A12 /* SwiftUI.framework in Frameworks */ = {isa = PBXBuildFile; fileRef = B9A18AA72DF39F7700C19A12 /* SwiftUI.framework */; };
		B9A18AB52DF39F7900C19A12 /* PomoLiveActivityExtension.appex in Embed Foundation Extensions */ = {isa = PBXBuildFile; fileRef = B9A18AA32DF39F7700C19A12 /* PomoLiveActivityExtension.appex */; settings = {ATTRIBUTES = (RemoveHeadersOnCopy, ); }; };
		B9A18ABC2DF39FAF00C19A12 /* ActivityKit.framework in Frameworks */ = {isa = PBXBuildFile; fileRef = B9A18ABB2DF39FAF00C19A12 /* ActivityKit.framework */; };
/* End PBXBuildFile section */

/* Begin PBXContainerItemProxy section */
		B9A18AB32DF39F7900C19A12 /* PBXContainerItemProxy */ = {
			isa = PBXContainerItemProxy;
			containerPortal = B9EFF7022DEA95A8004F5DE0 /* Project object */;
			proxyType = 1;
			remoteGlobalIDString = B9A18AA22DF39F7700C19A12;
			remoteInfo = PomoLiveActivityExtension;
		};
/* End PBXContainerItemProxy section */

/* Begin PBXCopyFilesBuildPhase section */
		B9A18ABA2DF39F7900C19A12 /* Embed Foundation Extensions */ = {
			isa = PBXCopyFilesBuildPhase;
			buildActionMask = 2147483647;
			dstPath = "";
			dstSubfolderSpec = 13;
			files = (
				B9A18AB52DF39F7900C19A12 /* PomoLiveActivityExtension.appex in Embed Foundation Extensions */,
			);
			name = "Embed Foundation Extensions";
			runOnlyForDeploymentPostprocessing = 0;
		};
/* End PBXCopyFilesBuildPhase section */

/* Begin PBXFileReference section */
		B9A18AA32DF39F7700C19A12 /* PomoLiveActivityExtension.appex */ = {isa = PBXFileReference; explicitFileType = "wrapper.app-extension"; includeInIndex = 0; path = PomoLiveActivityExtension.appex; sourceTree = BUILT_PRODUCTS_DIR; };
		B9A18AA52DF39F7700C19A12 /* WidgetKit.framework */ = {isa = PBXFileReference; lastKnownFileType = wrapper.framework; name = WidgetKit.framework; path = System/Library/Frameworks/WidgetKit.framework; sourceTree = SDKROOT; };
		B9A18AA72DF39F7700C19A12 /* SwiftUI.framework */ = {isa = PBXFileReference; lastKnownFileType = wrapper.framework; name = SwiftUI.framework; path = System/Library/Frameworks/SwiftUI.framework; sourceTree = SDKROOT; };
		B9A18ABB2DF39FAF00C19A12 /* ActivityKit.framework */ = {isa = PBXFileReference; lastKnownFileType = wrapper.framework; name = ActivityKit.framework; path = System/Library/Frameworks/ActivityKit.framework; sourceTree = SDKROOT; };
		B9A18AC82DF3A11000C19A12 /* PomoLiveActivityExtensionRelease.entitlements */ = {isa = PBXFileReference; lastKnownFileType = text.plist.entitlements; path = PomoLiveActivityExtensionRelease.entitlements; sourceTree = "<group>"; };
		B9EFF70A2DEA95A8004F5DE0 /* Pomo.app */ = {isa = PBXFileReference; explicitFileType = wrapper.application; includeInIndex = 0; path = Pomo.app; sourceTree = BUILT_PRODUCTS_DIR; };
/* End PBXFileReference section */

/* Begin PBXFileSystemSynchronizedBuildFileExceptionSet section */
		B9A18AB92DF39F7900C19A12 /* Exceptions for "PomoLiveActivity" folder in "PomoLiveActivityExtension" target */ = {
			isa = PBXFileSystemSynchronizedBuildFileExceptionSet;
			membershipExceptions = (
				Info.plist,
			);
			target = B9A18AA22DF39F7700C19A12 /* PomoLiveActivityExtension */;
		};
		B9A18AC02DF39FD800C19A12 /* Exceptions for "Core" folder in "PomoLiveActivityExtension" target */ = {
			isa = PBXFileSystemSynchronizedBuildFileExceptionSet;
			membershipExceptions = (
				Models/PomoActivityAttributes.swift,
				Models/TimerType.swift,
			);
			target = B9A18AA22DF39F7700C19A12 /* PomoLiveActivityExtension */;
		};
		B9A18ACA2DF3A14700C19A12 /* Exceptions for "Resources" folder in "PomoLiveActivityExtension" target */ = {
			isa = PBXFileSystemSynchronizedBuildFileExceptionSet;
			membershipExceptions = (
				Assets.xcassets,
			);
			target = B9A18AA22DF39F7700C19A12 /* PomoLiveActivityExtension */;
		};
		B9EFF7882DEAA03D004F5DE0 /* Exceptions for "Pomo" folder in "Pomo" target */ = {
			isa = PBXFileSystemSynchronizedBuildFileExceptionSet;
			membershipExceptions = (
				Info.plist,
			);
			target = B9EFF7092DEA95A8004F5DE0 /* Pomo */;
		};
/* End PBXFileSystemSynchronizedBuildFileExceptionSet section */

/* Begin PBXFileSystemSynchronizedRootGroup section */
		B9A18AA92DF39F7700C19A12 /* PomoLiveActivity */ = {
			isa = PBXFileSystemSynchronizedRootGroup;
			exceptions = (
				B9A18AB92DF39F7900C19A12 /* Exceptions for "PomoLiveActivity" folder in "PomoLiveActivityExtension" target */,
			);
			path = PomoLiveActivity;
			sourceTree = "<group>";
		};
		B9EFF70C2DEA95A8004F5DE0 /* Pomo */ = {
			isa = PBXFileSystemSynchronizedRootGroup;
			exceptions = (
				B9EFF7882DEAA03D004F5DE0 /* Exceptions for "Pomo" folder in "Pomo" target */,
			);
			path = Pomo;
			sourceTree = "<group>";
		};
		B9EFF71B2DEA95F8004F5DE0 /* Core */ = {
			isa = PBXFileSystemSynchronizedRootGroup;
			exceptions = (
				B9A18AC02DF39FD800C19A12 /* Exceptions for "Core" folder in "PomoLiveActivityExtension" target */,
			);
			path = Core;
			sourceTree = "<group>";
		};
		B9EFF75D2DEA971F004F5DE0 /* Shared */ = {
			isa = PBXFileSystemSynchronizedRootGroup;
			path = Shared;
			sourceTree = "<group>";
		};
		B9EFF76D2DEA976E004F5DE0 /* Resources */ = {
			isa = PBXFileSystemSynchronizedRootGroup;
			exceptions = (
				B9A18ACA2DF3A14700C19A12 /* Exceptions for "Resources" folder in "PomoLiveActivityExtension" target */,
			);
			path = Resources;
			sourceTree = "<group>";
		};
/* End PBXFileSystemSynchronizedRootGroup section */

/* Begin PBXFrameworksBuildPhase section */
		B9A18AA02DF39F7700C19A12 /* Frameworks */ = {
			isa = PBXFrameworksBuildPhase;
			buildActionMask = 2147483647;
			files = (
				B9A18ABC2DF39FAF00C19A12 /* ActivityKit.framework in Frameworks */,
				B9A18AA82DF39F7700C19A12 /* SwiftUI.framework in Frameworks */,
				B9A18AA62DF39F7700C19A12 /* WidgetKit.framework in Frameworks */,
			);
			runOnlyForDeploymentPostprocessing = 0;
		};
		B9EFF7072DEA95A8004F5DE0 /* Frameworks */ = {
			isa = PBXFrameworksBuildPhase;
			buildActionMask = 2147483647;
			files = (
			);
			runOnlyForDeploymentPostprocessing = 0;
		};
/* End PBXFrameworksBuildPhase section */

/* Begin PBXGroup section */
		B9A18AA42DF39F7700C19A12 /* Frameworks */ = {
			isa = PBXGroup;
			children = (
				B9A18ABB2DF39FAF00C19A12 /* ActivityKit.framework */,
				B9A18AA52DF39F7700C19A12 /* WidgetKit.framework */,
				B9A18AA72DF39F7700C19A12 /* SwiftUI.framework */,
			);
			name = Frameworks;
			sourceTree = "<group>";
		};
		B9EFF7012DEA95A8004F5DE0 = {
			isa = PBXGroup;
			children = (
				B9A18AC82DF3A11000C19A12 /* PomoLiveActivityExtensionRelease.entitlements */,
				B9EFF76D2DEA976E004F5DE0 /* Resources */,
				B9EFF75D2DEA971F004F5DE0 /* Shared */,
				B9EFF71B2DEA95F8004F5DE0 /* Core */,
				B9EFF70C2DEA95A8004F5DE0 /* Pomo */,
				B9A18AA92DF39F7700C19A12 /* PomoLiveActivity */,
				B9A18AA42DF39F7700C19A12 /* Frameworks */,
				B9EFF70B2DEA95A8004F5DE0 /* Products */,
			);
			sourceTree = "<group>";
		};
		B9EFF70B2DEA95A8004F5DE0 /* Products */ = {
			isa = PBXGroup;
			children = (
				B9EFF70A2DEA95A8004F5DE0 /* Pomo.app */,
				B9A18AA32DF39F7700C19A12 /* PomoLiveActivityExtension.appex */,
			);
			name = Products;
			sourceTree = "<group>";
		};
/* End PBXGroup section */

/* Begin PBXNativeTarget section */
		B9A18AA22DF39F7700C19A12 /* PomoLiveActivityExtension */ = {
			isa = PBXNativeTarget;
			buildConfigurationList = B9A18AB62DF39F7900C19A12 /* Build configuration list for PBXNativeTarget "PomoLiveActivityExtension" */;
			buildPhases = (
				B9A18A9F2DF39F7700C19A12 /* Sources */,
				B9A18AA02DF39F7700C19A12 /* Frameworks */,
				B9A18AA12DF39F7700C19A12 /* Resources */,
			);
			buildRules = (
			);
			dependencies = (
			);
			fileSystemSynchronizedGroups = (
				B9A18AA92DF39F7700C19A12 /* PomoLiveActivity */,
			);
			name = PomoLiveActivityExtension;
			packageProductDependencies = (
			);
			productName = PomoLiveActivityExtension;
			productReference = B9A18AA32DF39F7700C19A12 /* PomoLiveActivityExtension.appex */;
			productType = "com.apple.product-type.app-extension";
		};
		B9EFF7092DEA95A8004F5DE0 /* Pomo */ = {
			isa = PBXNativeTarget;
			buildConfigurationList = B9EFF7172DEA95AA004F5DE0 /* Build configuration list for PBXNativeTarget "Pomo" */;
			buildPhases = (
				B9EFF7062DEA95A8004F5DE0 /* Sources */,
				B9EFF7072DEA95A8004F5DE0 /* Frameworks */,
				B9EFF7082DEA95A8004F5DE0 /* Resources */,
				B9A18ABA2DF39F7900C19A12 /* Embed Foundation Extensions */,
			);
			buildRules = (
			);
			dependencies = (
				B9A18AB42DF39F7900C19A12 /* PBXTargetDependency */,
			);
			fileSystemSynchronizedGroups = (
				B9EFF70C2DEA95A8004F5DE0 /* Pomo */,
				B9EFF71B2DEA95F8004F5DE0 /* Core */,
				B9EFF75D2DEA971F004F5DE0 /* Shared */,
				B9EFF76D2DEA976E004F5DE0 /* Resources */,
			);
			name = Pomo;
			packageProductDependencies = (
			);
			productName = Pomo;
			productReference = B9EFF70A2DEA95A8004F5DE0 /* Pomo.app */;
			productType = "com.apple.product-type.application";
		};
/* End PBXNativeTarget section */

/* Begin PBXProject section */
		B9EFF7022DEA95A8004F5DE0 /* Project object */ = {
			isa = PBXProject;
			attributes = {
				BuildIndependentTargetsInParallel = 1;
				LastSwiftUpdateCheck = 1640;
				LastUpgradeCheck = 1640;
				TargetAttributes = {
					B9A18AA22DF39F7700C19A12 = {
						CreatedOnToolsVersion = 16.4;
					};
					B9EFF7092DEA95A8004F5DE0 = {
						CreatedOnToolsVersion = 16.4;
					};
				};
			};
			buildConfigurationList = B9EFF7052DEA95A8004F5DE0 /* Build configuration list for PBXProject "Pomo" */;
			developmentRegion = en;
			hasScannedForEncodings = 0;
			knownRegions = (
				en,
				Base,
				es,
			);
			mainGroup = B9EFF7012DEA95A8004F5DE0;
			minimizedProjectReferenceProxies = 1;
			preferredProjectObjectVersion = 77;
			productRefGroup = B9EFF70B2DEA95A8004F5DE0 /* Products */;
			projectDirPath = "";
			projectRoot = "";
			targets = (
				B9EFF7092DEA95A8004F5DE0 /* Pomo */,
				B9A18AA22DF39F7700C19A12 /* PomoLiveActivityExtension */,
			);
		};
/* End PBXProject section */

/* Begin PBXResourcesBuildPhase section */
		B9A18AA12DF39F7700C19A12 /* Resources */ = {
			isa = PBXResourcesBuildPhase;
			buildActionMask = 2147483647;
			files = (
			);
			runOnlyForDeploymentPostprocessing = 0;
		};
		B9EFF7082DEA95A8004F5DE0 /* Resources */ = {
			isa = PBXResourcesBuildPhase;
			buildActionMask = 2147483647;
			files = (
			);
			runOnlyForDeploymentPostprocessing = 0;
		};
/* End PBXResourcesBuildPhase section */

/* Begin PBXSourcesBuildPhase section */
		B9A18A9F2DF39F7700C19A12 /* Sources */ = {
			isa = PBXSourcesBuildPhase;
			buildActionMask = 2147483647;
			files = (
			);
			runOnlyForDeploymentPostprocessing = 0;
		};
		B9EFF7062DEA95A8004F5DE0 /* Sources */ = {
			isa = PBXSourcesBuildPhase;
			buildActionMask = 2147483647;
			files = (
			);
			runOnlyForDeploymentPostprocessing = 0;
		};
/* End PBXSourcesBuildPhase section */

/* Begin PBXTargetDependency section */
		B9A18AB42DF39F7900C19A12 /* PBXTargetDependency */ = {
			isa = PBXTargetDependency;
			target = B9A18AA22DF39F7700C19A12 /* PomoLiveActivityExtension */;
			targetProxy = B9A18AB32DF39F7900C19A12 /* PBXContainerItemProxy */;
		};
/* End PBXTargetDependency section */

/* Begin XCBuildConfiguration section */
		B9A18AB72DF39F7900C19A12 /* Debug */ = {
			isa = XCBuildConfiguration;
			buildSettings = {
				ASSETCATALOG_COMPILER_GLOBAL_ACCENT_COLOR_NAME = AccentColor;
				ASSETCATALOG_COMPILER_WIDGET_BACKGROUND_COLOR_NAME = WidgetBackground;
				CODE_SIGN_STYLE = Automatic;
				CURRENT_PROJECT_VERSION = 1;
				DEVELOPMENT_TEAM = WQCQ3T6U7T;
				GENERATE_INFOPLIST_FILE = YES;
				INFOPLIST_FILE = PomoLiveActivity/Info.plist;
				INFOPLIST_KEY_CFBundleDisplayName = PomoLiveActivity;
				INFOPLIST_KEY_NSHumanReadableCopyright = "";
				IPHONEOS_DEPLOYMENT_TARGET = 17.0;
				LD_RUNPATH_SEARCH_PATHS = (
					"$(inherited)",
					"@executable_path/Frameworks",
					"@executable_path/../../Frameworks",
				);
				MARKETING_VERSION = 1.0;
				PRODUCT_BUNDLE_IDENTIFIER = "com.christian-arzaluz.Pomo.PomoLiveActivity";
				PRODUCT_NAME = "$(TARGET_NAME)";
				SKIP_INSTALL = YES;
				SUPPORTED_PLATFORMS = "iphoneos iphonesimulator";
				SUPPORTS_MACCATALYST = NO;
				SUPPORTS_MAC_DESIGNED_FOR_IPHONE_IPAD = NO;
				SUPPORTS_XR_DESIGNED_FOR_IPHONE_IPAD = NO;
				SWIFT_EMIT_LOC_STRINGS = YES;
				SWIFT_VERSION = 5.0;
				TARGETED_DEVICE_FAMILY = 1;
			};
			name = Debug;
		};
		B9A18AB82DF39F7900C19A12 /* Release */ = {
			isa = XCBuildConfiguration;
			buildSettings = {
				ASSETCATALOG_COMPILER_GLOBAL_ACCENT_COLOR_NAME = AccentColor;
				ASSETCATALOG_COMPILER_WIDGET_BACKGROUND_COLOR_NAME = WidgetBackground;
				CODE_SIGN_ENTITLEMENTS = PomoLiveActivityExtensionRelease.entitlements;
				CODE_SIGN_STYLE = Automatic;
				CURRENT_PROJECT_VERSION = 1;
				DEVELOPMENT_TEAM = WQCQ3T6U7T;
				GENERATE_INFOPLIST_FILE = YES;
				INFOPLIST_FILE = PomoLiveActivity/Info.plist;
				INFOPLIST_KEY_CFBundleDisplayName = PomoLiveActivity;
				INFOPLIST_KEY_NSHumanReadableCopyright = "";
				IPHONEOS_DEPLOYMENT_TARGET = 17.0;
				LD_RUNPATH_SEARCH_PATHS = (
					"$(inherited)",
					"@executable_path/Frameworks",
					"@executable_path/../../Frameworks",
				);
				MARKETING_VERSION = 1.0;
				PRODUCT_BUNDLE_IDENTIFIER = "com.christian-arzaluz.Pomo.PomoLiveActivity";
				PRODUCT_NAME = "$(TARGET_NAME)";
				SKIP_INSTALL = YES;
				SUPPORTED_PLATFORMS = "iphoneos iphonesimulator";
				SUPPORTS_MACCATALYST = NO;
				SUPPORTS_MAC_DESIGNED_FOR_IPHONE_IPAD = NO;
				SUPPORTS_XR_DESIGNED_FOR_IPHONE_IPAD = NO;
				SWIFT_EMIT_LOC_STRINGS = YES;
				SWIFT_VERSION = 5.0;
				TARGETED_DEVICE_FAMILY = 1;
			};
			name = Release;
		};
		B9EFF7152DEA95AA004F5DE0 /* Debug */ = {
			isa = XCBuildConfiguration;
			buildSettings = {
				ALWAYS_SEARCH_USER_PATHS = NO;
				ASSETCATALOG_COMPILER_GENERATE_SWIFT_ASSET_SYMBOL_EXTENSIONS = YES;
				CLANG_ANALYZER_NONNULL = YES;
				CLANG_ANALYZER_NUMBER_OBJECT_CONVERSION = YES_AGGRESSIVE;
				CLANG_CXX_LANGUAGE_STANDARD = "gnu++20";
				CLANG_ENABLE_MODULES = YES;
				CLANG_ENABLE_OBJC_ARC = YES;
				CLANG_ENABLE_OBJC_WEAK = YES;
				CLANG_WARN_BLOCK_CAPTURE_AUTORELEASING = YES;
				CLANG_WARN_BOOL_CONVERSION = YES;
				CLANG_WARN_COMMA = YES;
				CLANG_WARN_CONSTANT_CONVERSION = YES;
				CLANG_WARN_DEPRECATED_OBJC_IMPLEMENTATIONS = YES;
				CLANG_WARN_DIRECT_OBJC_ISA_USAGE = YES_ERROR;
				CLANG_WARN_DOCUMENTATION_COMMENTS = YES;
				CLANG_WARN_EMPTY_BODY = YES;
				CLANG_WARN_ENUM_CONVERSION = YES;
				CLANG_WARN_INFINITE_RECURSION = YES;
				CLANG_WARN_INT_CONVERSION = YES;
				CLANG_WARN_NON_LITERAL_NULL_CONVERSION = YES;
				CLANG_WARN_OBJC_IMPLICIT_RETAIN_SELF = YES;
				CLANG_WARN_OBJC_LITERAL_CONVERSION = YES;
				CLANG_WARN_OBJC_ROOT_CLASS = YES_ERROR;
				CLANG_WARN_QUOTED_INCLUDE_IN_FRAMEWORK_HEADER = YES;
				CLANG_WARN_RANGE_LOOP_ANALYSIS = YES;
				CLANG_WARN_STRICT_PROTOTYPES = YES;
				CLANG_WARN_SUSPICIOUS_MOVE = YES;
				CLANG_WARN_UNGUARDED_AVAILABILITY = YES_AGGRESSIVE;
				CLANG_WARN_UNREACHABLE_CODE = YES;
				CLANG_WARN__DUPLICATE_METHOD_MATCH = YES;
				COPY_PHASE_STRIP = NO;
				DEBUG_INFORMATION_FORMAT = dwarf;
				DEVELOPMENT_TEAM = WQCQ3T6U7T;
				ENABLE_STRICT_OBJC_MSGSEND = YES;
				ENABLE_TESTABILITY = YES;
				ENABLE_USER_SCRIPT_SANDBOXING = YES;
				GCC_C_LANGUAGE_STANDARD = gnu17;
				GCC_DYNAMIC_NO_PIC = NO;
				GCC_NO_COMMON_BLOCKS = YES;
				GCC_OPTIMIZATION_LEVEL = 0;
				GCC_PREPROCESSOR_DEFINITIONS = (
					"DEBUG=1",
					"$(inherited)",
				);
				GCC_WARN_64_TO_32_BIT_CONVERSION = YES;
				GCC_WARN_ABOUT_RETURN_TYPE = YES_ERROR;
				GCC_WARN_UNDECLARED_SELECTOR = YES;
				GCC_WARN_UNINITIALIZED_AUTOS = YES_AGGRESSIVE;
				GCC_WARN_UNUSED_FUNCTION = YES;
				GCC_WARN_UNUSED_VARIABLE = YES;
				IPHONEOS_DEPLOYMENT_TARGET = 18.5;
				LOCALIZATION_PREFERS_STRING_CATALOGS = YES;
				MTL_ENABLE_DEBUG_INFO = INCLUDE_SOURCE;
				MTL_FAST_MATH = YES;
				ONLY_ACTIVE_ARCH = YES;
				SDKROOT = iphoneos;
				SWIFT_ACTIVE_COMPILATION_CONDITIONS = "DEBUG $(inherited)";
				SWIFT_EMIT_LOC_STRINGS = YES;
				SWIFT_OPTIMIZATION_LEVEL = "-Onone";
			};
			name = Debug;
		};
		B9EFF7162DEA95AA004F5DE0 /* Release */ = {
			isa = XCBuildConfiguration;
			buildSettings = {
				ALWAYS_SEARCH_USER_PATHS = NO;
				ASSETCATALOG_COMPILER_GENERATE_SWIFT_ASSET_SYMBOL_EXTENSIONS = YES;
				CLANG_ANALYZER_NONNULL = YES;
				CLANG_ANALYZER_NUMBER_OBJECT_CONVERSION = YES_AGGRESSIVE;
				CLANG_CXX_LANGUAGE_STANDARD = "gnu++20";
				CLANG_ENABLE_MODULES = YES;
				CLANG_ENABLE_OBJC_ARC = YES;
				CLANG_ENABLE_OBJC_WEAK = YES;
				CLANG_WARN_BLOCK_CAPTURE_AUTORELEASING = YES;
				CLANG_WARN_BOOL_CONVERSION = YES;
				CLANG_WARN_COMMA = YES;
				CLANG_WARN_CONSTANT_CONVERSION = YES;
				CLANG_WARN_DEPRECATED_OBJC_IMPLEMENTATIONS = YES;
				CLANG_WARN_DIRECT_OBJC_ISA_USAGE = YES_ERROR;
				CLANG_WARN_DOCUMENTATION_COMMENTS = YES;
				CLANG_WARN_EMPTY_BODY = YES;
				CLANG_WARN_ENUM_CONVERSION = YES;
				CLANG_WARN_INFINITE_RECURSION = YES;
				CLANG_WARN_INT_CONVERSION = YES;
				CLANG_WARN_NON_LITERAL_NULL_CONVERSION = YES;
				CLANG_WARN_OBJC_IMPLICIT_RETAIN_SELF = YES;
				CLANG_WARN_OBJC_LITERAL_CONVERSION = YES;
				CLANG_WARN_OBJC_ROOT_CLASS = YES_ERROR;
				CLANG_WARN_QUOTED_INCLUDE_IN_FRAMEWORK_HEADER = YES;
				CLANG_WARN_RANGE_LOOP_ANALYSIS = YES;
				CLANG_WARN_STRICT_PROTOTYPES = YES;
				CLANG_WARN_SUSPICIOUS_MOVE = YES;
				CLANG_WARN_UNGUARDED_AVAILABILITY = YES_AGGRESSIVE;
				CLANG_WARN_UNREACHABLE_CODE = YES;
				CLANG_WARN__DUPLICATE_METHOD_MATCH = YES;
				COPY_PHASE_STRIP = NO;
				DEBUG_INFORMATION_FORMAT = "dwarf-with-dsym";
				DEVELOPMENT_TEAM = WQCQ3T6U7T;
				ENABLE_NS_ASSERTIONS = NO;
				ENABLE_STRICT_OBJC_MSGSEND = YES;
				ENABLE_USER_SCRIPT_SANDBOXING = YES;
				GCC_C_LANGUAGE_STANDARD = gnu17;
				GCC_NO_COMMON_BLOCKS = YES;
				GCC_WARN_64_TO_32_BIT_CONVERSION = YES;
				GCC_WARN_ABOUT_RETURN_TYPE = YES_ERROR;
				GCC_WARN_UNDECLARED_SELECTOR = YES;
				GCC_WARN_UNINITIALIZED_AUTOS = YES_AGGRESSIVE;
				GCC_WARN_UNUSED_FUNCTION = YES;
				GCC_WARN_UNUSED_VARIABLE = YES;
				IPHONEOS_DEPLOYMENT_TARGET = 18.5;
				LOCALIZATION_PREFERS_STRING_CATALOGS = YES;
				MTL_ENABLE_DEBUG_INFO = NO;
				MTL_FAST_MATH = YES;
				SDKROOT = iphoneos;
				SWIFT_COMPILATION_MODE = wholemodule;
				SWIFT_EMIT_LOC_STRINGS = YES;
				VALIDATE_PRODUCT = YES;
			};
			name = Release;
		};
		B9EFF7182DEA95AA004F5DE0 /* Debug */ = {
			isa = XCBuildConfiguration;
			buildSettings = {
				ASSETCATALOG_COMPILER_APPICON_NAME = AppIcon;
				ASSETCATALOG_COMPILER_GLOBAL_ACCENT_COLOR_NAME = AccentColor;
				CODE_SIGN_STYLE = Automatic;
				CURRENT_PROJECT_VERSION = 1;
				DEVELOPMENT_TEAM = WQCQ3T6U7T;
				ENABLE_PREVIEWS = YES;
				GENERATE_INFOPLIST_FILE = YES;
				INFOPLIST_FILE = Pomo/Info.plist;
				INFOPLIST_KEY_CFBundleDisplayName = Pomo;
				INFOPLIST_KEY_ITSAppUsesNonExemptEncryption = NO;
				INFOPLIST_KEY_LSApplicationCategoryType = "public.app-category.productivity";
				INFOPLIST_KEY_NSHumanReadableCopyright = "© 2025 Christian Arzaluz. All rights reserved.";
				INFOPLIST_KEY_UIApplicationSupportsIndirectInputEvents = YES;
				INFOPLIST_KEY_UIRequiredDeviceCapabilities = armv7;
				INFOPLIST_KEY_UIRequiresFullScreen = NO;
				INFOPLIST_KEY_UISupportedInterfaceOrientations = UIInterfaceOrientationPortrait;
				INFOPLIST_KEY_UISupportedInterfaceOrientations_iPad = "UIInterfaceOrientationPortrait UIInterfaceOrientationPortraitUpsideDown UIInterfaceOrientationLandscapeLeft UIInterfaceOrientationLandscapeRight";
				INFOPLIST_KEY_UISupportedInterfaceOrientations_iPhone = "UIInterfaceOrientationPortrait UIInterfaceOrientationLandscapeLeft UIInterfaceOrientationLandscapeRight";
				INFOPLIST_KEY_UIUserInterfaceStyle = Automatic;
				IPHONEOS_DEPLOYMENT_TARGET = 17.0;
				LD_RUNPATH_SEARCH_PATHS = (
					"$(inherited)",
					"@executable_path/Frameworks",
				);
				MARKETING_VERSION = 1.0;
				PRODUCT_BUNDLE_IDENTIFIER = "com.christian-arzaluz.Pomo";
				PRODUCT_NAME = "$(TARGET_NAME)";
				SUPPORTED_PLATFORMS = "iphoneos iphonesimulator";
				SUPPORTS_MACCATALYST = NO;
				SUPPORTS_MAC_DESIGNED_FOR_IPHONE_IPAD = NO;
				SUPPORTS_XR_DESIGNED_FOR_IPHONE_IPAD = NO;
				SWIFT_EMIT_LOC_STRINGS = YES;
				SWIFT_VERSION = 5.0;
				TARGETED_DEVICE_FAMILY = 1;
			};
			name = Debug;
		};
		B9EFF7192DEA95AA004F5DE0 /* Release */ = {
			isa = XCBuildConfiguration;
			buildSettings = {
				ASSETCATALOG_COMPILER_APPICON_NAME = AppIcon;
				ASSETCATALOG_COMPILER_GLOBAL_ACCENT_COLOR_NAME = AccentColor;
				CODE_SIGN_ENTITLEMENTS = Pomo/PomoRelease.entitlements;
				CODE_SIGN_STYLE = Automatic;
				CURRENT_PROJECT_VERSION = 1;
				DEVELOPMENT_TEAM = WQCQ3T6U7T;
				ENABLE_PREVIEWS = YES;
				GENERATE_INFOPLIST_FILE = YES;
				INFOPLIST_FILE = Pomo/Info.plist;
				INFOPLIST_KEY_CFBundleDisplayName = Pomo;
				INFOPLIST_KEY_ITSAppUsesNonExemptEncryption = NO;
				INFOPLIST_KEY_LSApplicationCategoryType = "public.app-category.productivity";
				INFOPLIST_KEY_NSHumanReadableCopyright = "© 2025 Christian Arzaluz. All rights reserved.";
				INFOPLIST_KEY_UIApplicationSupportsIndirectInputEvents = YES;
				INFOPLIST_KEY_UIRequiredDeviceCapabilities = armv7;
				INFOPLIST_KEY_UIRequiresFullScreen = NO;
				INFOPLIST_KEY_UISupportedInterfaceOrientations = UIInterfaceOrientationPortrait;
				INFOPLIST_KEY_UISupportedInterfaceOrientations_iPad = "UIInterfaceOrientationPortrait UIInterfaceOrientationPortraitUpsideDown UIInterfaceOrientationLandscapeLeft UIInterfaceOrientationLandscapeRight";
				INFOPLIST_KEY_UISupportedInterfaceOrientations_iPhone = "UIInterfaceOrientationPortrait UIInterfaceOrientationLandscapeLeft UIInterfaceOrientationLandscapeRight";
				INFOPLIST_KEY_UIUserInterfaceStyle = Automatic;
				IPHONEOS_DEPLOYMENT_TARGET = 17.0;
				LD_RUNPATH_SEARCH_PATHS = (
					"$(inherited)",
					"@executable_path/Frameworks",
				);
				MARKETING_VERSION = 1.0;
				PRODUCT_BUNDLE_IDENTIFIER = "com.christian-arzaluz.Pomo";
				PRODUCT_NAME = "$(TARGET_NAME)";
				SUPPORTED_PLATFORMS = "iphoneos iphonesimulator";
				SUPPORTS_MACCATALYST = NO;
				SUPPORTS_MAC_DESIGNED_FOR_IPHONE_IPAD = NO;
				SUPPORTS_XR_DESIGNED_FOR_IPHONE_IPAD = NO;
				SWIFT_EMIT_LOC_STRINGS = YES;
				SWIFT_VERSION = 5.0;
				TARGETED_DEVICE_FAMILY = 1;
			};
			name = Release;
		};
/* End XCBuildConfiguration section */

/* Begin XCConfigurationList section */
		B9A18AB62DF39F7900C19A12 /* Build configuration list for PBXNativeTarget "PomoLiveActivityExtension" */ = {
			isa = XCConfigurationList;
			buildConfigurations = (
				B9A18AB72DF39F7900C19A12 /* Debug */,
				B9A18AB82DF39F7900C19A12 /* Release */,
			);
			defaultConfigurationIsVisible = 0;
			defaultConfigurationName = Release;
		};
		B9EFF7052DEA95A8004F5DE0 /* Build configuration list for PBXProject "Pomo" */ = {
			isa = XCConfigurationList;
			buildConfigurations = (
				B9EFF7152DEA95AA004F5DE0 /* Debug */,
				B9EFF7162DEA95AA004F5DE0 /* Release */,
			);
			defaultConfigurationIsVisible = 0;
			defaultConfigurationName = Release;
		};
		B9EFF7172DEA95AA004F5DE0 /* Build configuration list for PBXNativeTarget "Pomo" */ = {
			isa = XCConfigurationList;
			buildConfigurations = (
				B9EFF7182DEA95AA004F5DE0 /* Debug */,
				B9EFF7192DEA95AA004F5DE0 /* Release */,
			);
			defaultConfigurationIsVisible = 0;
			defaultConfigurationName = Release;
		};
/* End XCConfigurationList section */
	};
	rootObject = B9EFF7022DEA95A8004F5DE0 /* Project object */;
}
